# generated by rye
# use `rye lock` or `rye sync` to update this lockfile
#
# last locked with the following flags:
#   pre: false
#   features: []
#   all-features: false
#   with-sources: false
#   generate-hashes: false
#   universal: false

-e file:.
aiohappyeyeballs==2.4.0
    # via aiohttp
aiohttp==3.10.6
    # via alibabacloud-tea
aiosignal==1.3.1
    # via aiohttp
alibabacloud-credentials==0.3.5
    # via alibabacloud-gateway-spi
    # via alibabacloud-oss-sdk
    # via alibabacloud-tea-openapi
alibabacloud-dataworks-public20200518==6.1.2
    # via jcutils
alibabacloud-ecs20140526==4.3.0
    # via jcutils
alibabacloud-endpoint-util==0.0.3
    # via alibabacloud-dataworks-public20200518
    # via alibabacloud-ecs20140526
    # via alibabacloud-maxcompute20220104
    # via alibabacloud-openplatform20191219
alibabacloud-gateway-spi==0.0.2
    # via alibabacloud-tea-openapi
alibabacloud-maxcompute20220104==2.3.1
    # via jcutils
alibabacloud-openapi-util==0.2.2
    # via alibabacloud-dataworks-public20200518
    # via alibabacloud-ecs20140526
    # via alibabacloud-maxcompute20220104
    # via alibabacloud-openplatform20191219
    # via alibabacloud-tea-openapi
alibabacloud-openplatform20191219==2.0.0
    # via alibabacloud-dataworks-public20200518
alibabacloud-oss-sdk==0.1.0
    # via alibabacloud-dataworks-public20200518
alibabacloud-oss-util==0.0.6
    # via alibabacloud-dataworks-public20200518
    # via alibabacloud-oss-sdk
alibabacloud-tea==0.3.10
    # via alibabacloud-credentials
    # via alibabacloud-endpoint-util
    # via alibabacloud-oss-util
    # via alibabacloud-tea-fileform
    # via alibabacloud-tea-util
    # via alibabacloud-tea-xml
alibabacloud-tea-fileform==0.0.5
    # via alibabacloud-dataworks-public20200518
    # via alibabacloud-oss-sdk
alibabacloud-tea-openapi==0.3.12
    # via alibabacloud-dataworks-public20200518
    # via alibabacloud-ecs20140526
    # via alibabacloud-maxcompute20220104
    # via alibabacloud-openplatform20191219
alibabacloud-tea-util==0.3.13
    # via alibabacloud-dataworks-public20200518
    # via alibabacloud-ecs20140526
    # via alibabacloud-maxcompute20220104
    # via alibabacloud-openapi-util
    # via alibabacloud-openplatform20191219
    # via alibabacloud-oss-sdk
    # via alibabacloud-tea-openapi
alibabacloud-tea-xml==0.0.2
    # via alibabacloud-oss-sdk
    # via alibabacloud-tea-openapi
anyio==3.7.1
    # via starlette
apscheduler==3.10.4
    # via jcutils
argcomplete==3.5.0
    # via datamodel-code-generator
asgiref==3.8.1
    # via uvicorn
attrs==24.2.0
    # via aiohttp
black==24.8.0
    # via datamodel-code-generator
certifi==2024.8.30
    # via requests
    # via sentry-sdk
cffi==1.17.1
    # via cryptography
chardet==4.0.0
    # via imbox
    # via jcutils
charset-normalizer==2.0.12
    # via requests
click==8.1.7
    # via black
    # via uvicorn
clickhouse-driver==0.2.6
    # via jcutils
coverage==7.6.1
cryptography==43.0.1
    # via alibabacloud-openapi-util
cssselect==1.2.0
    # via pyquery
cython==3.0.11
    # via thriftpy2
datamodel-code-generator==0.26.0
    # via jcutils
dbutils==3.0.2
    # via jcutils
decorator==5.1.1
    # via retry
dnspython==2.6.1
    # via email-validator
easybase==1.1.3
    # via jcutils
email-validator==1.3.1
    # via pydantic
esdk-obs-python==3.24.6.1
    # via jcutils
et-xmlfile==1.1.0
    # via openpyxl
fastapi==0.70.1
    # via jcutils
fire==0.6.0
    # via jcutils
frozenlist==1.4.1
    # via aiohttp
    # via aiosignal
func-timeout==4.3.5
    # via jcutils
genson==1.3.0
    # via datamodel-code-generator
h11==0.14.0
    # via uvicorn
happybase==1.2.0
    # via jcutils
huaweicloudsdkcore==3.1.115
    # via huaweicloudsdkdli
huaweicloudsdkdli==3.1.19
    # via jcutils
idna==3.10
    # via anyio
    # via email-validator
    # via requests
    # via yarl
imbox==0.9.8
    # via jcutils
inflect==5.6.2
    # via datamodel-code-generator
iniconfig==2.0.0
    # via pytest
isort==5.13.2
    # via datamodel-code-generator
jinja2==3.1.4
    # via datamodel-code-generator
kafka-python==2.0.2
    # via jcutils
kerberos==1.3.1
    # via easybase
ldap3==2.9.1
    # via jcutils
lxml==5.3.0
    # via pyquery
markdown-it-py==3.0.0
    # via rich
markupsafe==2.1.5
    # via jinja2
mdurl==0.1.2
    # via markdown-it-py
multidict==6.1.0
    # via aiohttp
    # via yarl
mypy-extensions==1.0.0
    # via black
numpy==1.26.4
    # via jcutils
    # via pandas
    # via pyarrow
openpyxl==3.1.5
    # via jcutils
packaging==24.1
    # via black
    # via datamodel-code-generator
    # via pytest
pandas==2.2.3
    # via jcutils
pathspec==0.12.1
    # via black
pip==24.2
platformdirs==4.3.6
    # via black
pluggy==1.5.0
    # via pytest
ply==3.11
    # via thriftpy2
pure-sasl==0.6.2
    # via easybase
py==1.11.0
    # via retry
pyarrow==17.0.0
    # via pyodps
pyasn1==0.6.1
    # via huaweicloudsdkcore
    # via ldap3
pycparser==2.22
    # via cffi
pycryptodome==3.20.0
    # via esdk-obs-python
pydantic==1.10.18
    # via datamodel-code-generator
    # via fastapi
pygments==2.18.0
    # via rich
pymysql==1.0.2
    # via jcutils
pyodps==0.11.6.1
    # via jcutils
pyquery==2.0.0
    # via jcutils
pytest==8.3.3
python-dateutil==2.8.2
    # via jcutils
    # via pandas
python-multipart==0.0.5
    # via jcutils
pytz==2024.2
    # via apscheduler
    # via clickhouse-driver
    # via pandas
pyyaml==6.0.2
    # via datamodel-code-generator
    # via huaweicloudsdkcore
redis==3.5.3
    # via jcutils
    # via redis-py-cluster
redis-py-cluster==2.1.3
    # via jcutils
requests==2.26.0
    # via alibabacloud-tea
    # via jcutils
    # via pyodps
    # via requests-toolbelt
requests-toolbelt==1.0.0
    # via huaweicloudsdkcore
retry==0.9.2
    # via jcutils
rich==13.8.1
    # via jcutils
sentry-sdk==1.21.1
    # via jcutils
simplejson==3.19.3
    # via huaweicloudsdkcore
six==1.16.0
    # via apscheduler
    # via easybase
    # via fire
    # via happybase
    # via huaweicloudsdkcore
    # via python-dateutil
    # via python-multipart
    # via thriftpy2
sniffio==1.3.1
    # via anyio
starlette==0.16.0
    # via fastapi
tabulate==0.9.0
    # via jcutils
termcolor==2.4.0
    # via fire
thriftpy2==0.5.2
    # via easybase
    # via happybase
toml==0.10.2
    # via jcutils
typing-extensions==4.12.2
    # via huaweicloudsdkcore
    # via pydantic
tzdata==2024.2
    # via pandas
tzlocal==5.2
    # via apscheduler
    # via clickhouse-driver
urllib3==1.26.20
    # via jcutils
    # via requests
    # via sentry-sdk
uvicorn==0.16.0
    # via jcutils
wcwidth==0.2.13
    # via jcutils
    # via tabulate
yarl==1.12.1
    # via aiohttp
