version = 1
requires-python = ">=3.9"
resolution-markers = [
    "python_full_version < '3.10'",
    "python_full_version >= '3.10'",
]

[[package]]
name = "asgiref"
version = "3.8.1"
source = { registry = "https://pypi.org/simple" }
dependencies = [
    { name = "typing-extensions", marker = "python_full_version < '3.11'" },
]
sdist = { url = "https://files.pythonhosted.org/packages/29/38/b3395cc9ad1b56d2ddac9970bc8f4141312dbaec28bc7c218b0dfafd0f42/asgiref-3.8.1.tar.gz", hash = "sha256:c343bd80a0bec947a9860adb4c432ffa7db769836c64238fc34bdc3fec84d590", size = 35186 }
wheels = [
    { url = "https://files.pythonhosted.org/packages/39/e3/893e8757be2612e6c266d9bb58ad2e3651524b5b40cf56761e985a28b13e/asgiref-3.8.1-py3-none-any.whl", hash = "sha256:3e1e3ecc849832fe52ccf2cb6686b7a55f82bb1d6aee72a58826471390335e47", size = 23828 },
]

[[package]]
name = "asttokens"
version = "2.4.1"
source = { registry = "https://pypi.org/simple" }
dependencies = [
    { name = "six" },
]
sdist = { url = "https://files.pythonhosted.org/packages/45/1d/f03bcb60c4a3212e15f99a56085d93093a497718adf828d050b9d675da81/asttokens-2.4.1.tar.gz", hash = "sha256:b03869718ba9a6eb027e134bfdf69f38a236d681c83c160d510768af11254ba0", size = 62284 }
wheels = [
    { url = "https://files.pythonhosted.org/packages/45/86/4736ac618d82a20d87d2f92ae19441ebc7ac9e7a581d7e58bbe79233b24a/asttokens-2.4.1-py2.py3-none-any.whl", hash = "sha256:051ed49c3dcae8913ea7cd08e46a606dba30b79993209636c4875bc1d637bc24", size = 27764 },
]

[[package]]
name = "boto3"
version = "1.35.3"
source = { registry = "https://pypi.org/simple" }
dependencies = [
    { name = "botocore" },
    { name = "jmespath" },
    { name = "s3transfer" },
]
sdist = { url = "https://files.pythonhosted.org/packages/6c/1f/4cd22bd5022aa637392df884b84df9359a8fda5c4482e3d58fa53a56c5d0/boto3-1.35.3.tar.gz", hash = "sha256:9c2799cfeba2c68d91f840b6d018ffe76f5f27514dcbb166b20d9e3a704cbcea", size = 108585 }
wheels = [
    { url = "https://files.pythonhosted.org/packages/52/3d/695a55c3edd04ec64d37e3b09ef147a23075f3b5f04595c606204bd4914d/boto3-1.35.3-py3-none-any.whl", hash = "sha256:e24f9b8a4dc85bfcf4d3e9183589dba6ed2964dfa1233ca578fc7c04db1c68b4", size = 139139 },
]

[[package]]
name = "botocore"
version = "1.35.3"
source = { registry = "https://pypi.org/simple" }
dependencies = [
    { name = "jmespath" },
    { name = "python-dateutil" },
    { name = "urllib3" },
]
sdist = { url = "https://files.pythonhosted.org/packages/d0/2f/592f563d9eadc4ffe846c1f5e0c8747c9eb514a309c19b8362d1e455dd05/botocore-1.35.3.tar.gz", hash = "sha256:ff0c3189c0aa588c3aeda3f3e5e37925d64deaac6748310124307f978933e768", size = 12680057 }
wheels = [
    { url = "https://files.pythonhosted.org/packages/9e/5e/9b7d41e3256872159d62e5026519c448acbb94873b1bd950946e82e8e327/botocore-1.35.3-py3-none-any.whl", hash = "sha256:3ff54075e125304a8978e5d3f27ab96485f2deedb561d458b0567a0a921dc243", size = 12468636 },
]

[[package]]
name = "cachetools"
version = "5.5.0"
source = { registry = "https://pypi.org/simple" }
sdist = { url = "https://files.pythonhosted.org/packages/c3/38/a0f315319737ecf45b4319a8cd1f3a908e29d9277b46942263292115eee7/cachetools-5.5.0.tar.gz", hash = "sha256:2cc24fb4cbe39633fb7badd9db9ca6295d766d9c2995f245725a46715d050f2a", size = 27661 }
wheels = [
    { url = "https://files.pythonhosted.org/packages/a4/07/14f8ad37f2d12a5ce41206c21820d8cb6561b728e51fad4530dff0552a67/cachetools-5.5.0-py3-none-any.whl", hash = "sha256:02134e8439cdc2ffb62023ce1debca2944c3f289d66bb17ead3ab3dede74b292", size = 9524 },
]

[[package]]
name = "chardet"
version = "5.2.0"
source = { registry = "https://pypi.org/simple" }
sdist = { url = "https://files.pythonhosted.org/packages/f3/0d/f7b6ab21ec75897ed80c17d79b15951a719226b9fababf1e40ea74d69079/chardet-5.2.0.tar.gz", hash = "sha256:1b3b6ff479a8c414bc3fa2c0852995695c4a026dcd6d0633b2dd092ca39c1cf7", size = 2069618 }
wheels = [
    { url = "https://files.pythonhosted.org/packages/38/6f/f5fbc992a329ee4e0f288c1fe0e2ad9485ed064cac731ed2fe47dcc38cbf/chardet-5.2.0-py3-none-any.whl", hash = "sha256:e1cf59446890a00105fe7b7912492ea04b6e6f06d4b742b2c788469e34c82970", size = 199385 },
]

[[package]]
name = "colorama"
version = "0.4.6"
source = { registry = "https://pypi.org/simple" }
sdist = { url = "https://files.pythonhosted.org/packages/d8/53/6f443c9a4a8358a93a6792e2acffb9d9d5cb0a5cfd8802644b7b1c9a02e4/colorama-0.4.6.tar.gz", hash = "sha256:08695f5cb7ed6e0531a20572697297273c47b8cae5a63ffc6d6ed5c201be6e44", size = 27697 }
wheels = [
    { url = "https://files.pythonhosted.org/packages/d1/d6/3965ed04c63042e047cb6a3e6ed1a63a35087b6a609aa3a15ed8ac56c221/colorama-0.4.6-py2.py3-none-any.whl", hash = "sha256:4f1d9991f5acc0ca119f9d443620b77f9d6b33703e51011c16baf57afb285fc6", size = 25335 },
]

[[package]]
name = "decorator"
version = "5.1.1"
source = { registry = "https://pypi.org/simple" }
sdist = { url = "https://files.pythonhosted.org/packages/66/0c/8d907af351aa16b42caae42f9d6aa37b900c67308052d10fdce809f8d952/decorator-5.1.1.tar.gz", hash = "sha256:637996211036b6385ef91435e4fae22989472f9d571faba8927ba8253acbc330", size = 35016 }
wheels = [
    { url = "https://files.pythonhosted.org/packages/d5/50/83c593b07763e1161326b3b8c6686f0f4b0f24d5526546bee538c89837d6/decorator-5.1.1-py3-none-any.whl", hash = "sha256:b8c3f85900b9dc423225913c5aace94729fe1fa9763b38939a95226f02d37186", size = 9073 },
]

[[package]]
name = "distlib"
version = "0.3.8"
source = { registry = "https://pypi.org/simple" }
sdist = { url = "https://files.pythonhosted.org/packages/c4/91/e2df406fb4efacdf46871c25cde65d3c6ee5e173b7e5a4547a47bae91920/distlib-0.3.8.tar.gz", hash = "sha256:1530ea13e350031b6312d8580ddb6b27a104275a31106523b8f123787f494f64", size = 609931 }
wheels = [
    { url = "https://files.pythonhosted.org/packages/8e/41/9307e4f5f9976bc8b7fea0b66367734e8faf3ec84bc0d412d8cfabbb66cd/distlib-0.3.8-py2.py3-none-any.whl", hash = "sha256:034db59a0b96f8ca18035f36290806a9a6e6bd9d1ff91e45a7f172eb17e51784", size = 468850 },
]

[[package]]
name = "django"
version = "4.2.15"
source = { registry = "https://pypi.org/simple" }
dependencies = [
    { name = "asgiref" },
    { name = "sqlparse" },
    { name = "tzdata", marker = "sys_platform == 'win32'" },
]
sdist = { url = "https://files.pythonhosted.org/packages/01/1e/d6306fb0a4f44ed9d12430953786747d609c85258c74c545fdc2b37f5a83/Django-4.2.15.tar.gz", hash = "sha256:c77f926b81129493961e19c0e02188f8d07c112a1162df69bfab178ae447f94a", size = 10418066 }
wheels = [
    { url = "https://files.pythonhosted.org/packages/0e/77/86af525feb6a9951d2bc96371ae3652f11bb35933b21966abc594f777956/Django-4.2.15-py3-none-any.whl", hash = "sha256:61ee4a130efb8c451ef3467c67ca99fdce400fedd768634efc86a68c18d80d30", size = 7992797 },
]

[[package]]
name = "django-sqlite-object-storage"
version = "0.1.2"
source = { editable = "." }
dependencies = [
    { name = "boto3" },
    { name = "django" },
]

[package.dev-dependencies]
dev = [
    { name = "django-types" },
    { name = "ipython" },
    { name = "pyright" },
    { name = "ruff" },
    { name = "tox" },
    { name = "tox-uv" },
]

[package.metadata]
requires-dist = [
    { name = "boto3", specifier = ">=1.28.79" },
    { name = "django", specifier = ">=4.2" },
]

[package.metadata.requires-dev]
dev = [
    { name = "django-types", specifier = ">=0.19.1" },
    { name = "ipython", specifier = ">=8.18.1" },
    { name = "pyright", specifier = ">=1.1.377" },
    { name = "ruff", specifier = ">=0.6.1" },
    { name = "tox", specifier = ">=4.18.0" },
    { name = "tox-uv", specifier = ">=1.11.2" },
]

[[package]]
name = "django-types"
version = "0.19.1"
source = { registry = "https://pypi.org/simple" }
dependencies = [
    { name = "types-psycopg2" },
]
sdist = { url = "https://files.pythonhosted.org/packages/a1/6d/52b9bba1390645d1593152336dc1afbf1cbcfe1fcec78e3ed4eaee09f3ff/django_types-0.19.1.tar.gz", hash = "sha256:5ae7988612cf6fbc357b018bbc3b3a878b65e04275cc46e0d35d66a708daff12", size = 175769 }
wheels = [
    { url = "https://files.pythonhosted.org/packages/25/cb/d088c67245a9d5759a08dbafb47e040ee436e06ee433a3cdc7f3233b3313/django_types-0.19.1-py3-none-any.whl", hash = "sha256:b3f529de17f6374d41ca67232aa01330c531bbbaa3ac4097896f31ac33c96c30", size = 370857 },
]

[[package]]
name = "exceptiongroup"
version = "1.2.2"
source = { registry = "https://pypi.org/simple" }
sdist = { url = "https://files.pythonhosted.org/packages/09/35/2495c4ac46b980e4ca1f6ad6db102322ef3ad2410b79fdde159a4b0f3b92/exceptiongroup-1.2.2.tar.gz", hash = "sha256:47c2edf7c6738fafb49fd34290706d1a1a2f4d1c6df275526b62cbb4aa5393cc", size = 28883 }
wheels = [
    { url = "https://files.pythonhosted.org/packages/02/cc/b7e31358aac6ed1ef2bb790a9746ac2c69bcb3c8588b41616914eb106eaf/exceptiongroup-1.2.2-py3-none-any.whl", hash = "sha256:3111b9d131c238bec2f8f516e123e14ba243563fb135d3fe885990585aa7795b", size = 16453 },
]

[[package]]
name = "executing"
version = "2.0.1"
source = { registry = "https://pypi.org/simple" }
sdist = { url = "https://files.pythonhosted.org/packages/08/41/85d2d28466fca93737592b7f3cc456d1cfd6bcd401beceeba17e8e792b50/executing-2.0.1.tar.gz", hash = "sha256:35afe2ce3affba8ee97f2d69927fa823b08b472b7b994e36a52a964b93d16147", size = 836501 }
wheels = [
    { url = "https://files.pythonhosted.org/packages/80/03/6ea8b1b2a5ab40a7a60dc464d3daa7aa546e0a74d74a9f8ff551ea7905db/executing-2.0.1-py2.py3-none-any.whl", hash = "sha256:eac49ca94516ccc753f9fb5ce82603156e590b27525a8bc32cce8ae302eb61bc", size = 24922 },
]

[[package]]
name = "filelock"
version = "3.15.4"
source = { registry = "https://pypi.org/simple" }
sdist = { url = "https://files.pythonhosted.org/packages/08/dd/49e06f09b6645156550fb9aee9cc1e59aba7efbc972d665a1bd6ae0435d4/filelock-3.15.4.tar.gz", hash = "sha256:2207938cbc1844345cb01a5a95524dae30f0ce089eba5b00378295a17e3e90cb", size = 18007 }
wheels = [
    { url = "https://files.pythonhosted.org/packages/ae/f0/48285f0262fe47103a4a45972ed2f9b93e4c80b8fd609fa98da78b2a5706/filelock-3.15.4-py3-none-any.whl", hash = "sha256:6ca1fffae96225dab4c6eaf1c4f4f28cd2568d3ec2a44e15a08520504de468e7", size = 16159 },
]

[[package]]
name = "ipython"
version = "8.18.1"
source = { registry = "https://pypi.org/simple" }
dependencies = [
    { name = "colorama", marker = "sys_platform == 'win32'" },
    { name = "decorator" },
    { name = "exceptiongroup", marker = "python_full_version < '3.11'" },
    { name = "jedi" },
    { name = "matplotlib-inline" },
    { name = "pexpect", marker = "sys_platform != 'win32'" },
    { name = "prompt-toolkit" },
    { name = "pygments" },
    { name = "stack-data" },
    { name = "traitlets" },
    { name = "typing-extensions", marker = "python_full_version < '3.10'" },
]
sdist = { url = "https://files.pythonhosted.org/packages/b1/b9/3ba6c45a6df813c09a48bac313c22ff83efa26cbb55011218d925a46e2ad/ipython-8.18.1.tar.gz", hash = "sha256:ca6f079bb33457c66e233e4580ebfc4128855b4cf6370dddd73842a9563e8a27", size = 5486330 }
wheels = [
    { url = "https://files.pythonhosted.org/packages/47/6b/d9fdcdef2eb6a23f391251fde8781c38d42acd82abe84d054cb74f7863b0/ipython-8.18.1-py3-none-any.whl", hash = "sha256:e8267419d72d81955ec1177f8a29aaa90ac80ad647499201119e2f05e99aa397", size = 808161 },
]

[[package]]
name = "jedi"
version = "0.19.1"
source = { registry = "https://pypi.org/simple" }
dependencies = [
    { name = "parso" },
]
sdist = { url = "https://files.pythonhosted.org/packages/d6/99/99b493cec4bf43176b678de30f81ed003fd6a647a301b9c927280c600f0a/jedi-0.19.1.tar.gz", hash = "sha256:cf0496f3651bc65d7174ac1b7d043eff454892c708a87d1b683e57b569927ffd", size = 1227821 }
wheels = [
    { url = "https://files.pythonhosted.org/packages/20/9f/bc63f0f0737ad7a60800bfd472a4836661adae21f9c2535f3957b1e54ceb/jedi-0.19.1-py2.py3-none-any.whl", hash = "sha256:e983c654fe5c02867aef4cdfce5a2fbb4a50adc0af145f70504238f18ef5e7e0", size = 1569361 },
]

[[package]]
name = "jmespath"
version = "1.0.1"
source = { registry = "https://pypi.org/simple" }
sdist = { url = "https://files.pythonhosted.org/packages/00/2a/e867e8531cf3e36b41201936b7fa7ba7b5702dbef42922193f05c8976cd6/jmespath-1.0.1.tar.gz", hash = "sha256:90261b206d6defd58fdd5e85f478bf633a2901798906be2ad389150c5c60edbe", size = 25843 }
wheels = [
    { url = "https://files.pythonhosted.org/packages/31/b4/b9b800c45527aadd64d5b442f9b932b00648617eb5d63d2c7a6587b7cafc/jmespath-1.0.1-py3-none-any.whl", hash = "sha256:02e2e4cc71b5bcab88332eebf907519190dd9e6e82107fa7f83b1003a6252980", size = 20256 },
]

[[package]]
name = "matplotlib-inline"
version = "0.1.7"
source = { registry = "https://pypi.org/simple" }
dependencies = [
    { name = "traitlets" },
]
sdist = { url = "https://files.pythonhosted.org/packages/99/5b/a36a337438a14116b16480db471ad061c36c3694df7c2084a0da7ba538b7/matplotlib_inline-0.1.7.tar.gz", hash = "sha256:8423b23ec666be3d16e16b60bdd8ac4e86e840ebd1dd11a30b9f117f2fa0ab90", size = 8159 }
wheels = [
    { url = "https://files.pythonhosted.org/packages/8f/8e/9ad090d3553c280a8060fbf6e24dc1c0c29704ee7d1c372f0c174aa59285/matplotlib_inline-0.1.7-py3-none-any.whl", hash = "sha256:df192d39a4ff8f21b1895d72e6a13f5fcc5099f00fa84384e0ea28c2cc0653ca", size = 9899 },
]

[[package]]
name = "nodeenv"
version = "1.9.1"
source = { registry = "https://pypi.org/simple" }
sdist = { url = "https://files.pythonhosted.org/packages/43/16/fc88b08840de0e0a72a2f9d8c6bae36be573e475a6326ae854bcc549fc45/nodeenv-1.9.1.tar.gz", hash = "sha256:6ec12890a2dab7946721edbfbcd91f3319c6ccc9aec47be7c7e6b7011ee6645f", size = 47437 }
wheels = [
    { url = "https://files.pythonhosted.org/packages/d2/1d/1b658dbd2b9fa9c4c9f32accbfc0205d532c8c6194dc0f2a4c0428e7128a/nodeenv-1.9.1-py2.py3-none-any.whl", hash = "sha256:ba11c9782d29c27c70ffbdda2d7415098754709be8a7056d79a737cd901155c9", size = 22314 },
]

[[package]]
name = "packaging"
version = "24.1"
source = { registry = "https://pypi.org/simple" }
sdist = { url = "https://files.pythonhosted.org/packages/51/65/50db4dda066951078f0a96cf12f4b9ada6e4b811516bf0262c0f4f7064d4/packaging-24.1.tar.gz", hash = "sha256:026ed72c8ed3fcce5bf8950572258698927fd1dbda10a5e981cdf0ac37f4f002", size = 148788 }
wheels = [
    { url = "https://files.pythonhosted.org/packages/08/aa/cc0199a5f0ad350994d660967a8efb233fe0416e4639146c089643407ce6/packaging-24.1-py3-none-any.whl", hash = "sha256:5b8f2217dbdbd2f7f384c41c628544e6d52f2d0f53c6d0c3ea61aa5d1d7ff124", size = 53985 },
]

[[package]]
name = "parso"
version = "0.8.4"
source = { registry = "https://pypi.org/simple" }
sdist = { url = "https://files.pythonhosted.org/packages/66/94/68e2e17afaa9169cf6412ab0f28623903be73d1b32e208d9e8e541bb086d/parso-0.8.4.tar.gz", hash = "sha256:eb3a7b58240fb99099a345571deecc0f9540ea5f4dd2fe14c2a99d6b281ab92d", size = 400609 }
wheels = [
    { url = "https://files.pythonhosted.org/packages/c6/ac/dac4a63f978e4dcb3c6d3a78c4d8e0192a113d288502a1216950c41b1027/parso-0.8.4-py2.py3-none-any.whl", hash = "sha256:a418670a20291dacd2dddc80c377c5c3791378ee1e8d12bffc35420643d43f18", size = 103650 },
]

[[package]]
name = "pexpect"
version = "4.9.0"
source = { registry = "https://pypi.org/simple" }
dependencies = [
    { name = "ptyprocess" },
]
sdist = { url = "https://files.pythonhosted.org/packages/42/92/cc564bf6381ff43ce1f4d06852fc19a2f11d180f23dc32d9588bee2f149d/pexpect-4.9.0.tar.gz", hash = "sha256:ee7d41123f3c9911050ea2c2dac107568dc43b2d3b0c7557a33212c398ead30f", size = 166450 }
wheels = [
    { url = "https://files.pythonhosted.org/packages/9e/c3/059298687310d527a58bb01f3b1965787ee3b40dce76752eda8b44e9a2c5/pexpect-4.9.0-py2.py3-none-any.whl", hash = "sha256:7236d1e080e4936be2dc3e326cec0af72acf9212a7e1d060210e70a47e253523", size = 63772 },
]

[[package]]
name = "platformdirs"
version = "4.2.2"
source = { registry = "https://pypi.org/simple" }
sdist = { url = "https://files.pythonhosted.org/packages/f5/52/0763d1d976d5c262df53ddda8d8d4719eedf9594d046f117c25a27261a19/platformdirs-4.2.2.tar.gz", hash = "sha256:38b7b51f512eed9e84a22788b4bce1de17c0adb134d6becb09836e37d8654cd3", size = 20916 }
wheels = [
    { url = "https://files.pythonhosted.org/packages/68/13/2aa1f0e1364feb2c9ef45302f387ac0bd81484e9c9a4c5688a322fbdfd08/platformdirs-4.2.2-py3-none-any.whl", hash = "sha256:2d7a1657e36a80ea911db832a8a6ece5ee53d8de21edd5cc5879af6530b1bfee", size = 18146 },
]

[[package]]
name = "pluggy"
version = "1.5.0"
source = { registry = "https://pypi.org/simple" }
sdist = { url = "https://files.pythonhosted.org/packages/96/2d/02d4312c973c6050a18b314a5ad0b3210edb65a906f868e31c111dede4a6/pluggy-1.5.0.tar.gz", hash = "sha256:2cffa88e94fdc978c4c574f15f9e59b7f4201d439195c3715ca9e2486f1d0cf1", size = 67955 }
wheels = [
    { url = "https://files.pythonhosted.org/packages/88/5f/e351af9a41f866ac3f1fac4ca0613908d9a41741cfcf2228f4ad853b697d/pluggy-1.5.0-py3-none-any.whl", hash = "sha256:44e1ad92c8ca002de6377e165f3e0f1be63266ab4d554740532335b9d75ea669", size = 20556 },
]

[[package]]
name = "prompt-toolkit"
version = "3.0.47"
source = { registry = "https://pypi.org/simple" }
dependencies = [
    { name = "wcwidth" },
]
sdist = { url = "https://files.pythonhosted.org/packages/47/6d/0279b119dafc74c1220420028d490c4399b790fc1256998666e3a341879f/prompt_toolkit-3.0.47.tar.gz", hash = "sha256:1e1b29cb58080b1e69f207c893a1a7bf16d127a5c30c9d17a25a5d77792e5360", size = 425859 }
wheels = [
    { url = "https://files.pythonhosted.org/packages/e8/23/22750c4b768f09386d1c3cc4337953e8936f48a888fa6dddfb669b2c9088/prompt_toolkit-3.0.47-py3-none-any.whl", hash = "sha256:0d7bfa67001d5e39d02c224b663abc33687405033a8c422d0d675a5a13361d10", size = 386411 },
]

[[package]]
name = "ptyprocess"
version = "0.7.0"
source = { registry = "https://pypi.org/simple" }
sdist = { url = "https://files.pythonhosted.org/packages/20/e5/16ff212c1e452235a90aeb09066144d0c5a6a8c0834397e03f5224495c4e/ptyprocess-0.7.0.tar.gz", hash = "sha256:5c5d0a3b48ceee0b48485e0c26037c0acd7d29765ca3fbb5cb3831d347423220", size = 70762 }
wheels = [
    { url = "https://files.pythonhosted.org/packages/22/a6/858897256d0deac81a172289110f31629fc4cee19b6f01283303e18c8db3/ptyprocess-0.7.0-py2.py3-none-any.whl", hash = "sha256:4b41f3967fce3af57cc7e94b888626c18bf37a083e3651ca8feeb66d492fef35", size = 13993 },
]

[[package]]
name = "pure-eval"
version = "0.2.3"
source = { registry = "https://pypi.org/simple" }
sdist = { url = "https://files.pythonhosted.org/packages/cd/05/0a34433a064256a578f1783a10da6df098ceaa4a57bbeaa96a6c0352786b/pure_eval-0.2.3.tar.gz", hash = "sha256:5f4e983f40564c576c7c8635ae88db5956bb2229d7e9237d03b3c0b0190eaf42", size = 19752 }
wheels = [
    { url = "https://files.pythonhosted.org/packages/8e/37/efad0257dc6e593a18957422533ff0f87ede7c9c6ea010a2177d738fb82f/pure_eval-0.2.3-py3-none-any.whl", hash = "sha256:1db8e35b67b3d218d818ae653e27f06c3aa420901fa7b081ca98cbedc874e0d0", size = 11842 },
]

[[package]]
name = "pygments"
version = "2.18.0"
source = { registry = "https://pypi.org/simple" }
sdist = { url = "https://files.pythonhosted.org/packages/8e/62/8336eff65bcbc8e4cb5d05b55faf041285951b6e80f33e2bff2024788f31/pygments-2.18.0.tar.gz", hash = "sha256:786ff802f32e91311bff3889f6e9a86e81505fe99f2735bb6d60ae0c5004f199", size = 4891905 }
wheels = [
    { url = "https://files.pythonhosted.org/packages/f7/3f/01c8b82017c199075f8f788d0d906b9ffbbc5a47dc9918a945e13d5a2bda/pygments-2.18.0-py3-none-any.whl", hash = "sha256:b8e6aca0523f3ab76fee51799c488e38782ac06eafcf95e7ba832985c8e7b13a", size = 1205513 },
]

[[package]]
name = "pyproject-api"
version = "1.7.1"
source = { registry = "https://pypi.org/simple" }
dependencies = [
    { name = "packaging" },
    { name = "tomli", marker = "python_full_version < '3.11'" },
]
sdist = { url = "https://files.pythonhosted.org/packages/41/43/5581b42a96c5ee7bf2b22d3b08b34c8a54dfe6591d8b9a4314c890bd4a0d/pyproject_api-1.7.1.tar.gz", hash = "sha256:7ebc6cd10710f89f4cf2a2731710a98abce37ebff19427116ff2174c9236a827", size = 22271 }
wheels = [
    { url = "https://files.pythonhosted.org/packages/de/88/c1451b66664ae596bae93928ff372f4da89c2c7250132ecb76cc99256c93/pyproject_api-1.7.1-py3-none-any.whl", hash = "sha256:2dc1654062c2b27733d8fd4cdda672b22fe8741ef1dde8e3a998a9547b071eeb", size = 13172 },
]

[[package]]
name = "pyright"
version = "1.1.377"
source = { registry = "https://pypi.org/simple" }
dependencies = [
    { name = "nodeenv" },
]
sdist = { url = "https://files.pythonhosted.org/packages/49/f0/25b0db363d6888164adb7c828b877bbf2c30936955fb9513922ae03e70e4/pyright-1.1.377.tar.gz", hash = "sha256:aabc30fedce0ded34baa0c49b24f10e68f4bfc8f68ae7f3d175c4b0f256b4fcf", size = 17484 }
wheels = [
    { url = "https://files.pythonhosted.org/packages/34/c9/89c40c4de44fe9463e77dddd0c4e2d2dd7a93e8ddc6858dfe7d5f75d263d/pyright-1.1.377-py3-none-any.whl", hash = "sha256:af0dd2b6b636c383a6569a083f8c5a8748ae4dcde5df7914b3f3f267e14dd162", size = 18223 },
]

[[package]]
name = "python-dateutil"
version = "2.9.0.post0"
source = { registry = "https://pypi.org/simple" }
dependencies = [
    { name = "six" },
]
sdist = { url = "https://files.pythonhosted.org/packages/66/c0/0c8b6ad9f17a802ee498c46e004a0eb49bc148f2fd230864601a86dcf6db/python-dateutil-2.9.0.post0.tar.gz", hash = "sha256:37dd54208da7e1cd875388217d5e00ebd4179249f90fb72437e91a35459a0ad3", size = 342432 }
wheels = [
    { url = "https://files.pythonhosted.org/packages/ec/57/56b9bcc3c9c6a792fcbaf139543cee77261f3651ca9da0c93f5c1221264b/python_dateutil-2.9.0.post0-py2.py3-none-any.whl", hash = "sha256:a8b2bc7bffae282281c8140a97d3aa9c14da0b136dfe83f850eea9a5f7470427", size = 229892 },
]

[[package]]
name = "ruff"
version = "0.6.1"
source = { registry = "https://pypi.org/simple" }
sdist = { url = "https://files.pythonhosted.org/packages/ce/7e/82271b5ecbb72f24178eac28979380c4ba234f90be5cf92cb513605efb1a/ruff-0.6.1.tar.gz", hash = "sha256:af3ffd8c6563acb8848d33cd19a69b9bfe943667f0419ca083f8ebe4224a3436", size = 2457325 }
wheels = [
    { url = "https://files.pythonhosted.org/packages/e2/d1/ac5091efcc8e2cdc55733ac07f17f961465318a3fa8916e44360e32e6c73/ruff-0.6.1-py3-none-linux_armv6l.whl", hash = "sha256:b4bb7de6a24169dc023f992718a9417380301b0c2da0fe85919f47264fb8add9", size = 9610279 },
    { url = "https://files.pythonhosted.org/packages/2b/ed/c3e1c20e46f5619f133e1ddafbb1a957407ea36d42a477d0d88e9897bed9/ruff-0.6.1-py3-none-macosx_10_12_x86_64.whl", hash = "sha256:45efaae53b360c81043e311cdec8a7696420b3d3e8935202c2846e7a97d4edae", size = 8719541 },
    { url = "https://files.pythonhosted.org/packages/13/49/3ee1c8dca59a8bd87ca833871d86304bce4348b2e019287e45ca0ad5b3dd/ruff-0.6.1-py3-none-macosx_11_0_arm64.whl", hash = "sha256:bc60c7d71b732c8fa73cf995efc0c836a2fd8b9810e115be8babb24ae87e0850", size = 8320291 },
    { url = "https://files.pythonhosted.org/packages/2a/44/1fec4c3eac790a445f3b9e0759665439c1d88517851f3fca90e32e897d48/ruff-0.6.1-py3-none-manylinux_2_17_aarch64.manylinux2014_aarch64.whl", hash = "sha256:2c7477c3b9da822e2db0b4e0b59e61b8a23e87886e727b327e7dcaf06213c5cf", size = 10040885 },
    { url = "https://files.pythonhosted.org/packages/86/98/c0b96dda4f751accecd3c0638d8c617a3b3e6de11b4e68aa77cae72912fb/ruff-0.6.1-py3-none-manylinux_2_17_armv7l.manylinux2014_armv7l.whl", hash = "sha256:3a0af7ab3f86e3dc9f157a928e08e26c4b40707d0612b01cd577cc84b8905cc9", size = 9414183 },
    { url = "https://files.pythonhosted.org/packages/a0/e3/59ac3b2fb4e80f53a96f2c22951589357e22ef3bc2c2b04b2a73772663f8/ruff-0.6.1-py3-none-manylinux_2_17_i686.manylinux2014_i686.whl", hash = "sha256:392688dbb50fecf1bf7126731c90c11a9df1c3a4cdc3f481b53e851da5634fa5", size = 10203467 },
    { url = "https://files.pythonhosted.org/packages/8d/02/3dc1c33877d68341b9764b30e2dcc9209b6adb8a0a41ca04d503dc39006e/ruff-0.6.1-py3-none-manylinux_2_17_ppc64.manylinux2014_ppc64.whl", hash = "sha256:5278d3e095ccc8c30430bcc9bc550f778790acc211865520f3041910a28d0024", size = 10962198 },
    { url = "https://files.pythonhosted.org/packages/c5/1f/a36bb06c8b724e3a8ee59124657414182227a353a98408cb5321aa87bd13/ruff-0.6.1-py3-none-manylinux_2_17_ppc64le.manylinux2014_ppc64le.whl", hash = "sha256:fe6d5f65d6f276ee7a0fc50a0cecaccb362d30ef98a110f99cac1c7872df2f18", size = 10537682 },
    { url = "https://files.pythonhosted.org/packages/a2/bd/479fbfab1634f2527a3f5ddb44973977f75ffbdf3d9bb16748c558a263ad/ruff-0.6.1-py3-none-manylinux_2_17_s390x.manylinux2014_s390x.whl", hash = "sha256:b2e0dd11e2ae553ee5c92a81731d88a9883af8db7408db47fc81887c1f8b672e", size = 11505616 },
    { url = "https://files.pythonhosted.org/packages/e0/94/92bc24e7e58d2f90fa2a370f763d25d9e06ccccfab839b88e389d79fb4e3/ruff-0.6.1-py3-none-manylinux_2_17_x86_64.manylinux2014_x86_64.whl", hash = "sha256:d812615525a34ecfc07fd93f906ef5b93656be01dfae9a819e31caa6cfe758a1", size = 10221898 },
    { url = "https://files.pythonhosted.org/packages/f7/47/1aca18f02abd4a3ba739991b719a3aa5d8e39e0bee1a91090c8bfacdcd13/ruff-0.6.1-py3-none-musllinux_1_2_aarch64.whl", hash = "sha256:faaa4060f4064c3b7aaaa27328080c932fa142786f8142aff095b42b6a2eb631", size = 10033784 },
    { url = "https://files.pythonhosted.org/packages/e6/48/df16d9b00af42034ee85915914783bc0529a2ff709d6d3ef39c7c15d826d/ruff-0.6.1-py3-none-musllinux_1_2_armv7l.whl", hash = "sha256:99d7ae0df47c62729d58765c593ea54c2546d5de213f2af2a19442d50a10cec9", size = 9477381 },
    { url = "https://files.pythonhosted.org/packages/46/d6/d6eadedcc9f9c4927665eee26f4449c15f4c501e7ba9c34c37753748dc11/ruff-0.6.1-py3-none-musllinux_1_2_i686.whl", hash = "sha256:9eb18dfd7b613eec000e3738b3f0e4398bf0153cb80bfa3e351b3c1c2f6d7b15", size = 9862269 },
    { url = "https://files.pythonhosted.org/packages/4e/30/e2f5b06ac048898a1cac190e1c9c0d88f984596b27f1069341217e42d119/ruff-0.6.1-py3-none-musllinux_1_2_x86_64.whl", hash = "sha256:c62bc04c6723a81e25e71715aa59489f15034d69bf641df88cb38bdc32fd1dbb", size = 10287591 },
    { url = "https://files.pythonhosted.org/packages/a0/2c/6a17be1b3c69c03167e5b3d69317ae9b8b2a06091189161751e7a36afef5/ruff-0.6.1-py3-none-win32.whl", hash = "sha256:9fb4c4e8b83f19c9477a8745e56d2eeef07a7ff50b68a6998f7d9e2e3887bdc4", size = 7918031 },
    { url = "https://files.pythonhosted.org/packages/2e/ba/66a6c87f6532e0390ebc67d5ae9bc1064f4e14d1b0e224bdedc999ae2b15/ruff-0.6.1-py3-none-win_amd64.whl", hash = "sha256:c2ebfc8f51ef4aca05dad4552bbcf6fe8d1f75b2f6af546cc47cc1c1ca916b5b", size = 8736178 },
    { url = "https://files.pythonhosted.org/packages/14/da/418c5d40058ad56bd0fa060efa4580ccf446f916167aa6540d31f6844e16/ruff-0.6.1-py3-none-win_arm64.whl", hash = "sha256:3bc81074971b0ffad1bd0c52284b22411f02a11a012082a76ac6da153536e014", size = 8142791 },
]

[[package]]
name = "s3transfer"
version = "0.10.2"
source = { registry = "https://pypi.org/simple" }
dependencies = [
    { name = "botocore" },
]
sdist = { url = "https://files.pythonhosted.org/packages/cb/67/94c6730ee4c34505b14d94040e2f31edf144c230b6b49e971b4f25ff8fab/s3transfer-0.10.2.tar.gz", hash = "sha256:0711534e9356d3cc692fdde846b4a1e4b0cb6519971860796e6bc4c7aea00ef6", size = 144095 }
wheels = [
    { url = "https://files.pythonhosted.org/packages/3c/4a/b221409913760d26cf4498b7b1741d510c82d3ad38381984a3ddc135ec66/s3transfer-0.10.2-py3-none-any.whl", hash = "sha256:eca1c20de70a39daee580aef4986996620f365c4e0fda6a86100231d62f1bf69", size = 82716 },
]

[[package]]
name = "six"
version = "1.16.0"
source = { registry = "https://pypi.org/simple" }
sdist = { url = "https://files.pythonhosted.org/packages/71/39/171f1c67cd00715f190ba0b100d606d440a28c93c7714febeca8b79af85e/six-1.16.0.tar.gz", hash = "sha256:1e61c37477a1626458e36f7b1d82aa5c9b094fa4802892072e49de9c60c4c926", size = 34041 }
wheels = [
    { url = "https://files.pythonhosted.org/packages/d9/5a/e7c31adbe875f2abbb91bd84cf2dc52d792b5a01506781dbcf25c91daf11/six-1.16.0-py2.py3-none-any.whl", hash = "sha256:8abb2f1d86890a2dfb989f9a77cfcfd3e47c2a354b01111771326f8aa26e0254", size = 11053 },
]

[[package]]
name = "sqlparse"
version = "0.5.1"
source = { registry = "https://pypi.org/simple" }
sdist = { url = "https://files.pythonhosted.org/packages/73/82/dfa23ec2cbed08a801deab02fe7c904bfb00765256b155941d789a338c68/sqlparse-0.5.1.tar.gz", hash = "sha256:bb6b4df465655ef332548e24f08e205afc81b9ab86cb1c45657a7ff173a3a00e", size = 84502 }
wheels = [
    { url = "https://files.pythonhosted.org/packages/5d/a5/b2860373aa8de1e626b2bdfdd6df4355f0565b47e51f7d0c54fe70faf8fe/sqlparse-0.5.1-py3-none-any.whl", hash = "sha256:773dcbf9a5ab44a090f3441e2180efe2560220203dc2f8c0b0fa141e18b505e4", size = 44156 },
]

[[package]]
name = "stack-data"
version = "0.6.3"
source = { registry = "https://pypi.org/simple" }
dependencies = [
    { name = "asttokens" },
    { name = "executing" },
    { name = "pure-eval" },
]
sdist = { url = "https://files.pythonhosted.org/packages/28/e3/55dcc2cfbc3ca9c29519eb6884dd1415ecb53b0e934862d3559ddcb7e20b/stack_data-0.6.3.tar.gz", hash = "sha256:836a778de4fec4dcd1dcd89ed8abff8a221f58308462e1c4aa2a3cf30148f0b9", size = 44707 }
wheels = [
    { url = "https://files.pythonhosted.org/packages/f1/7b/ce1eafaf1a76852e2ec9b22edecf1daa58175c090266e9f6c64afcd81d91/stack_data-0.6.3-py3-none-any.whl", hash = "sha256:d5558e0c25a4cb0853cddad3d77da9891a08cb85dd9f9f91b9f8cd66e511e695", size = 24521 },
]

[[package]]
name = "tomli"
version = "2.0.1"
source = { registry = "https://pypi.org/simple" }
sdist = { url = "https://files.pythonhosted.org/packages/c0/3f/d7af728f075fb08564c5949a9c95e44352e23dee646869fa104a3b2060a3/tomli-2.0.1.tar.gz", hash = "sha256:de526c12914f0c550d15924c62d72abc48d6fe7364aa87328337a31007fe8a4f", size = 15164 }
wheels = [
    { url = "https://files.pythonhosted.org/packages/97/75/10a9ebee3fd790d20926a90a2547f0bf78f371b2f13aa822c759680ca7b9/tomli-2.0.1-py3-none-any.whl", hash = "sha256:939de3e7a6161af0c887ef91b7d41a53e7c5a1ca976325f429cb46ea9bc30ecc", size = 12757 },
]

[[package]]
name = "tox"
version = "4.18.0"
source = { registry = "https://pypi.org/simple" }
dependencies = [
    { name = "cachetools" },
    { name = "chardet" },
    { name = "colorama" },
    { name = "filelock" },
    { name = "packaging" },
    { name = "platformdirs" },
    { name = "pluggy" },
    { name = "pyproject-api" },
    { name = "tomli", marker = "python_full_version < '3.11'" },
    { name = "virtualenv" },
]
sdist = { url = "https://files.pythonhosted.org/packages/38/d6/e3713386deb7df92ef383693544eccb18260ce4325fabcf5aac6594c1d95/tox-4.18.0.tar.gz", hash = "sha256:5dfa1cab9f146becd6e351333a82f9e0ade374451630ba65ee54584624c27b58", size = 180782 }
wheels = [
    { url = "https://files.pythonhosted.org/packages/a2/40/37c670a35bea970cb4e8c19a756ec75a3362b792041003aa075a29123ccc/tox-4.18.0-py3-none-any.whl", hash = "sha256:0a457400cf70615dc0627eb70d293e80cd95d8ce174bb40ac011011f0c03a249", size = 156735 },
]

[[package]]
name = "tox-uv"
version = "1.11.2"
source = { registry = "https://pypi.org/simple" }
dependencies = [
    { name = "packaging" },
    { name = "tox" },
    { name = "typing-extensions", marker = "python_full_version < '3.10'" },
    { name = "uv" },
]
sdist = { url = "https://files.pythonhosted.org/packages/fa/cf/7062095ae8c5e6a25d7153b9b1c4a16e52df61859160b3db66a60f055d1e/tox_uv-1.11.2.tar.gz", hash = "sha256:a7aded5c3fb69f055b523357988c1055bb573e91bfd7ecfb9b5233ebcab5d10b", size = 13628 }
wheels = [
    { url = "https://files.pythonhosted.org/packages/6a/50/5b9f2d9d10bfdfb1f748bbcdb6eae5a5da6d2a7adbef9a4df34aceac6eca/tox_uv-1.11.2-py3-none-any.whl", hash = "sha256:7f8f1737b3277e1cddcb5b89fcc5931d04923562c940ae60f29e140908566df2", size = 11265 },
]

[[package]]
name = "traitlets"
version = "5.14.3"
source = { registry = "https://pypi.org/simple" }
sdist = { url = "https://files.pythonhosted.org/packages/eb/79/72064e6a701c2183016abbbfedaba506d81e30e232a68c9f0d6f6fcd1574/traitlets-5.14.3.tar.gz", hash = "sha256:9ed0579d3502c94b4b3732ac120375cda96f923114522847de4b3bb98b96b6b7", size = 161621 }
wheels = [
    { url = "https://files.pythonhosted.org/packages/00/c0/8f5d070730d7836adc9c9b6408dec68c6ced86b304a9b26a14df072a6e8c/traitlets-5.14.3-py3-none-any.whl", hash = "sha256:b74e89e397b1ed28cc831db7aea759ba6640cb3de13090ca145426688ff1ac4f", size = 85359 },
]

[[package]]
name = "types-psycopg2"
version = "2.9.21.20240819"
source = { registry = "https://pypi.org/simple" }
sdist = { url = "https://files.pythonhosted.org/packages/a4/86/785e0994d69cbc5044f70ff92c35f42b66a295fea5a30a0e4a7c7421e84a/types-psycopg2-2.9.21.20240819.tar.gz", hash = "sha256:4ed6b47464d6374fa64e5e3b234cea0f710e72123a4596d67ab50b7415a84666", size = 21366 }
wheels = [
    { url = "https://files.pythonhosted.org/packages/ac/4b/dad5e0fe9565a7f4cf6aa8a342b0deffaf49bb899814fe046c5f03bc8bee/types_psycopg2-2.9.21.20240819-py3-none-any.whl", hash = "sha256:c9192311c27d7ad561eef705f1b2df1074f2cdcf445a98a6a2fcaaaad43278cf", size = 19973 },
]

[[package]]
name = "typing-extensions"
version = "4.12.2"
source = { registry = "https://pypi.org/simple" }
sdist = { url = "https://files.pythonhosted.org/packages/df/db/f35a00659bc03fec321ba8bce9420de607a1d37f8342eee1863174c69557/typing_extensions-4.12.2.tar.gz", hash = "sha256:1a7ead55c7e559dd4dee8856e3a88b41225abfe1ce8df57b7c13915fe121ffb8", size = 85321 }
wheels = [
    { url = "https://files.pythonhosted.org/packages/26/9f/ad63fc0248c5379346306f8668cda6e2e2e9c95e01216d2b8ffd9ff037d0/typing_extensions-4.12.2-py3-none-any.whl", hash = "sha256:04e5ca0351e0f3f85c6853954072df659d0d13fac324d0072316b67d7794700d", size = 37438 },
]

[[package]]
name = "tzdata"
version = "2024.1"
source = { registry = "https://pypi.org/simple" }
sdist = { url = "https://files.pythonhosted.org/packages/74/5b/e025d02cb3b66b7b76093404392d4b44343c69101cc85f4d180dd5784717/tzdata-2024.1.tar.gz", hash = "sha256:2674120f8d891909751c38abcdfd386ac0a5a1127954fbc332af6b5ceae07efd", size = 190559 }
wheels = [
    { url = "https://files.pythonhosted.org/packages/65/58/f9c9e6be752e9fcb8b6a0ee9fb87e6e7a1f6bcab2cdc73f02bb7ba91ada0/tzdata-2024.1-py2.py3-none-any.whl", hash = "sha256:9068bc196136463f5245e51efda838afa15aaeca9903f49050dfa2679db4d252", size = 345370 },
]

[[package]]
name = "urllib3"
version = "1.26.19"
source = { registry = "https://pypi.org/simple" }
sdist = { url = "https://files.pythonhosted.org/packages/c8/93/65e479b023bbc46dab3e092bda6b0005424ea3217d711964ccdede3f9b1b/urllib3-1.26.19.tar.gz", hash = "sha256:3e3d753a8618b86d7de333b4223005f68720bcd6a7d2bcb9fbd2229ec7c1e429", size = 306068 }
wheels = [
    { url = "https://files.pythonhosted.org/packages/ae/6a/99eaaeae8becaa17a29aeb334a18e5d582d873b6f084c11f02581b8d7f7f/urllib3-1.26.19-py2.py3-none-any.whl", hash = "sha256:37a0344459b199fce0e80b0d3569837ec6b6937435c5244e7fd73fa6006830f3", size = 143933 },
]

[[package]]
name = "uv"
version = "0.3.1"
source = { registry = "https://pypi.org/simple" }
sdist = { url = "https://files.pythonhosted.org/packages/ed/95/abe0ed8bc91024d4faefe97416cf98c03fc86dddb0068dff58f446f17e67/uv-0.3.1.tar.gz", hash = "sha256:5a6bd30a3a2f1bb76dcdc085594dc7576979c6ed2006230d51974686f91cc700", size = 1777197 }
wheels = [
    { url = "https://files.pythonhosted.org/packages/4d/7e/c59f5c1692efc10aca1b2bcc5f764cbf5b79260b1d1300f1e347cd083057/uv-0.3.1-py3-none-linux_armv6l.whl", hash = "sha256:800de54a9208821a3e3217e93c0312eebfcb321888cd8bcfe7ca52defc9f8d45", size = 10610714 },
    { url = "https://files.pythonhosted.org/packages/c6/2d/8ed1329a66da0621093cb12bec653c0932d2b71abf14e1b1ed79ca99c721/uv-0.3.1-py3-none-macosx_10_12_x86_64.whl", hash = "sha256:c1dd0d641858a9ad5c3cdac4e54cf179377e441ce436db215f874ac32d6d562d", size = 11085022 },
    { url = "https://files.pythonhosted.org/packages/20/c4/b779b50e531e94bd8db7c5aa4f4e9f09686f32410216ebc5bd3f80438d7a/uv-0.3.1-py3-none-macosx_11_0_arm64.whl", hash = "sha256:af573bd796750c7156642992e5e333aa81c9c45e7b835e2d540597c715009619", size = 10230683 },
    { url = "https://files.pythonhosted.org/packages/1d/29/362749cfc5df9bdb09148b547e33899654cc8fee814979cd2b6fea3a3469/uv-0.3.1-py3-none-manylinux_2_17_aarch64.manylinux2014_aarch64.musllinux_1_1_aarch64.whl", hash = "sha256:c54f5d3dd3a031f7533779ca6edbf5a62bfa2f9c23e434415e04ae48af40710e", size = 10524033 },
    { url = "https://files.pythonhosted.org/packages/aa/ff/d2cb88fd7d9a4f2338c916853e8b13c983df66bb0a59d3550abc39774a23/uv-0.3.1-py3-none-manylinux_2_17_armv7l.manylinux2014_armv7l.whl", hash = "sha256:4cd0bdcbd316496434acf5a3bfd848610fb423a8f18e3f10b34ba0388b72b533", size = 10424828 },
    { url = "https://files.pythonhosted.org/packages/57/a8/aa4f5db90c2592e54c97b691a4b5da9c61c0d168693df62a78b005abd096/uv-0.3.1-py3-none-manylinux_2_17_i686.manylinux2014_i686.whl", hash = "sha256:03c04124b5a5167c12c3de2b8119c0d9b3c3ace36ee8a497f266f458b023acd9", size = 11041408 },
    { url = "https://files.pythonhosted.org/packages/10/e9/c1e8abd9b11429d9bfa7441317f71825c294de0d5701f885750ad60b75ec/uv-0.3.1-py3-none-manylinux_2_17_ppc64.manylinux2014_ppc64.whl", hash = "sha256:03e2dfdcf6d2d346add95507f71588c2f5aeb62dccf879bcf7aca088c6b94d10", size = 11848142 },
    { url = "https://files.pythonhosted.org/packages/b0/63/a7206e90d3b27d389d8fae6f3a2c52631908a0388ccb5c6ffffc6423c637/uv-0.3.1-py3-none-manylinux_2_17_ppc64le.manylinux2014_ppc64le.whl", hash = "sha256:1f1f2142c3023ad0ab7a2611215e0d7d1824d3daa703b2d91c8892192ebe0d2c", size = 11653268 },
    { url = "https://files.pythonhosted.org/packages/df/6d/a7f9d0fc165b334f6a768705c568189875fbd1d2f3c8f4422f03b64a9ff7/uv-0.3.1-py3-none-manylinux_2_17_s390x.manylinux2014_s390x.whl", hash = "sha256:9a8161b9ea8746ebfb2638887f9dc29244c97d06d20b581f3c14ace7e0a61afc", size = 14588936 },
    { url = "https://files.pythonhosted.org/packages/7f/2f/5d3640769d8ee92c4ec85d81fd85bc5f04cff629bd1fad696adc3c87db49/uv-0.3.1-py3-none-manylinux_2_17_x86_64.manylinux2014_x86_64.whl", hash = "sha256:b2f4430d7313648fc188fab2f44c03edb32428723ba16d77fbc2d789d2d37538", size = 11396695 },
    { url = "https://files.pythonhosted.org/packages/8a/a3/e67c378369f87347701f14d35f54204099e9c855467faf085cc7c3b1825d/uv-0.3.1-py3-none-manylinux_2_28_aarch64.whl", hash = "sha256:405af8ad457c73f8ebb902664f5596a217081dd4565a54db93d4281072a9f9aa", size = 10614160 },
    { url = "https://files.pythonhosted.org/packages/e7/97/e75c041b40b05fbe17466069f7dc8187647dc3e67afc5004d8902775b9d3/uv-0.3.1-py3-none-musllinux_1_1_armv7l.whl", hash = "sha256:9c1e6b1528724c90d73a586a3ac24adc84eb5aa351eba68db95f74ef3bef1e76", size = 10420443 },
    { url = "https://files.pythonhosted.org/packages/4a/c7/7f6acafe231ed9c4fc211acde52d7399a876eb9b5000c50ce776add17d94/uv-0.3.1-py3-none-musllinux_1_1_i686.whl", hash = "sha256:f2fcf5a23da4fc4f8a96df43a8f8de201aaac7c75fa2cab35fc0841a48e63e78", size = 10864839 },
    { url = "https://files.pythonhosted.org/packages/bd/1e/ff62530cfbc6f4ce45fe51fb7b3f6ab9cb24fa16d0cbd57ff9519d87d9fe/uv-0.3.1-py3-none-musllinux_1_1_ppc64le.whl", hash = "sha256:eefce6a0764036f91695bbb375efa65b278057ccd783397ccd397ed7bd2f74b5", size = 12576464 },
    { url = "https://files.pythonhosted.org/packages/46/f2/917c251301ee09d0419e07fe7ab7564d4d24719375671293a45e66e6d93b/uv-0.3.1-py3-none-musllinux_1_1_x86_64.whl", hash = "sha256:81ba2f257757b1127531cbed3e49debfbd2ff06ddcf1631d9512bab5be878268", size = 11541020 },
    { url = "https://files.pythonhosted.org/packages/5d/b2/3d417ccfff85a7d6ea00aec65461f5b6387fdbfa298d7c6b72f6dd9908a3/uv-0.3.1-py3-none-win32.whl", hash = "sha256:3b0677c4cdf63c4cdbd10c60387ab62304e49fde7d9457fe2509552f4adc4caf", size = 10904177 },
    { url = "https://files.pythonhosted.org/packages/b5/a2/3f1ca9eea20cd94d5090f26f1ec400b6c6bf9a6bf3e3e79f50b3ce59f89e/uv-0.3.1-py3-none-win_amd64.whl", hash = "sha256:112494d6a9a1a729806b948ad3c2e266ebe3dd33c6591d6720c4eccdaf0700dd", size = 12028286 },
]

[[package]]
name = "virtualenv"
version = "20.26.3"
source = { registry = "https://pypi.org/simple" }
dependencies = [
    { name = "distlib" },
    { name = "filelock" },
    { name = "platformdirs" },
]
sdist = { url = "https://files.pythonhosted.org/packages/68/60/db9f95e6ad456f1872486769c55628c7901fb4de5a72c2f7bdd912abf0c1/virtualenv-20.26.3.tar.gz", hash = "sha256:4c43a2a236279d9ea36a0d76f98d84bd6ca94ac4e0f4a3b9d46d05e10fea542a", size = 9057588 }
wheels = [
    { url = "https://files.pythonhosted.org/packages/07/4d/410156100224c5e2f0011d435e477b57aed9576fc7fe137abcf14ec16e11/virtualenv-20.26.3-py3-none-any.whl", hash = "sha256:8cc4a31139e796e9a7de2cd5cf2489de1217193116a8fd42328f1bd65f434589", size = 5684792 },
]

[[package]]
name = "wcwidth"
version = "0.2.13"
source = { registry = "https://pypi.org/simple" }
sdist = { url = "https://files.pythonhosted.org/packages/6c/63/53559446a878410fc5a5974feb13d31d78d752eb18aeba59c7fef1af7598/wcwidth-0.2.13.tar.gz", hash = "sha256:72ea0c06399eb286d978fdedb6923a9eb47e1c486ce63e9b4e64fc18303972b5", size = 101301 }
wheels = [
    { url = "https://files.pythonhosted.org/packages/fd/84/fd2ba7aafacbad3c4201d395674fc6348826569da3c0937e75505ead3528/wcwidth-0.2.13-py2.py3-none-any.whl", hash = "sha256:3da69048e4540d84af32131829ff948f1e022c1c6bdb8d6102117aac784f6859", size = 34166 },
]
